
Microsoft Visual Studio Solution File, Format Version 12.00
# Visual Studio Version 16
VisualStudioVersion = 16.0.31729.503
MinimumVisualStudioVersion = 15.0.26124.0
Project("{9A19103F-16F7-4668-BE54-9A1E7A4F7556}") = "HospiEnCasa.App.Dominio", "HospiEnCasa.App.Dominio\HospiEnCasa.App.Dominio.csproj", "{C1440C0D-4D9C-41C3-A33B-DCAC6136A4BC}"
EndProject
Project("{9A19103F-16F7-4668-BE54-9A1E7A4F7556}") = "HospiEnCasa.App.Frontend", "HospiEnCasa.App.Frontend\HospiEnCasa.App.Frontend.csproj", "{431CF36F-2F09-4A7C-996D-FF60CFAA5D60}"
EndProject
Project("{9A19103F-16F7-4668-BE54-9A1E7A4F7556}") = "HospiEnCasa.App.Persistencia", "HospiEnCasa.App.Persistencia\HospiEnCasa.App.Persistencia.csproj", "{15F6E83D-0856-49AD-9344-463FEE75074E}"
EndProject
Project("{9A19103F-16F7-4668-BE54-9A1E7A4F7556}") = "HospiEnCasa.App.Servicios", "HospiEnCasa.App.Servicios\HospiEnCasa.App.Servicios.csproj", "{67F9B77F-A384-48ED-98B3-FBBA72460917}"
EndProject
Global
	GlobalSection(SolutionConfigurationPlatforms) = preSolution
		Debug|Any CPU = Debug|Any CPU
		Debug|x64 = Debug|x64
		Debug|x86 = Debug|x86
		Release|Any CPU = Release|Any CPU
		Release|x64 = Release|x64
		Release|x86 = Release|x86
	EndGlobalSection
	GlobalSection(ProjectConfigurationPlatforms) = postSolution
		{C1440C0D-4D9C-41C3-A33B-DCAC6136A4BC}.Debug|Any CPU.ActiveCfg = Debug|Any CPU
		{C1440C0D-4D9C-41C3-A33B-DCAC6136A4BC}.Debug|Any CPU.Build.0 = Debug|Any CPU
		{C1440C0D-4D9C-41C3-A33B-DCAC6136A4BC}.Debug|x64.ActiveCfg = Debug|Any CPU
		{C1440C0D-4D9C-41C3-A33B-DCAC6136A4BC}.Debug|x64.Build.0 = Debug|Any CPU
		{C1440C0D-4D9C-41C3-A33B-DCAC6136A4BC}.Debug|x86.ActiveCfg = Debug|Any CPU
		{C1440C0D-4D9C-41C3-A33B-DCAC6136A4BC}.Debug|x86.Build.0 = Debug|Any CPU
		{C1440C0D-4D9C-41C3-A33B-DCAC6136A4BC}.Release|Any CPU.ActiveCfg = Release|Any CPU
		{C1440C0D-4D9C-41C3-A33B-DCAC6136A4BC}.Release|Any CPU.Build.0 = Release|Any CPU
		{C1440C0D-4D9C-41C3-A33B-DCAC6136A4BC}.Release|x64.ActiveCfg = Release|Any CPU
		{C1440C0D-4D9C-41C3-A33B-DCAC6136A4BC}.Release|x64.Build.0 = Release|Any CPU
		{C1440C0D-4D9C-41C3-A33B-DCAC6136A4BC}.Release|x86.ActiveCfg = Release|Any CPU
		{C1440C0D-4D9C-41C3-A33B-DCAC6136A4BC}.Release|x86.Build.0 = Release|Any CPU
		{431CF36F-2F09-4A7C-996D-FF60CFAA5D60}.Debug|Any CPU.ActiveCfg = Debug|Any CPU
		{431CF36F-2F09-4A7C-996D-FF60CFAA5D60}.Debug|Any CPU.Build.0 = Debug|Any CPU
		{431CF36F-2F09-4A7C-996D-FF60CFAA5D60}.Debug|x64.ActiveCfg = Debug|Any CPU
		{431CF36F-2F09-4A7C-996D-FF60CFAA5D60}.Debug|x64.Build.0 = Debug|Any CPU
		{431CF36F-2F09-4A7C-996D-FF60CFAA5D60}.Debug|x86.ActiveCfg = Debug|Any CPU
		{431CF36F-2F09-4A7C-996D-FF60CFAA5D60}.Debug|x86.Build.0 = Debug|Any CPU
		{431CF36F-2F09-4A7C-996D-FF60CFAA5D60}.Release|Any CPU.ActiveCfg = Release|Any CPU
		{431CF36F-2F09-4A7C-996D-FF60CFAA5D60}.Release|Any CPU.Build.0 = Release|Any CPU
		{431CF36F-2F09-4A7C-996D-FF60CFAA5D60}.Release|x64.ActiveCfg = Release|Any CPU
		{431CF36F-2F09-4A7C-996D-FF60CFAA5D60}.Release|x64.Build.0 = Release|Any CPU
		{431CF36F-2F09-4A7C-996D-FF60CFAA5D60}.Release|x86.ActiveCfg = Release|Any CPU
		{431CF36F-2F09-4A7C-996D-FF60CFAA5D60}.Release|x86.Build.0 = Release|Any CPU
		{15F6E83D-0856-49AD-9344-463FEE75074E}.Debug|Any CPU.ActiveCfg = Debug|Any CPU
		{15F6E83D-0856-49AD-9344-463FEE75074E}.Debug|Any CPU.Build.0 = Debug|Any CPU
		{15F6E83D-0856-49AD-9344-463FEE75074E}.Debug|x64.ActiveCfg = Debug|Any CPU
		{15F6E83D-0856-49AD-9344-463FEE75074E}.Debug|x64.Build.0 = Debug|Any CPU
		{15F6E83D-0856-49AD-9344-463FEE75074E}.Debug|x86.ActiveCfg = Debug|Any CPU
		{15F6E83D-0856-49AD-9344-463FEE75074E}.Debug|x86.Build.0 = Debug|Any CPU
		{15F6E83D-0856-49AD-9344-463FEE75074E}.Release|Any CPU.ActiveCfg = Release|Any CPU
		{15F6E83D-0856-49AD-9344-463FEE75074E}.Release|Any CPU.Build.0 = Release|Any CPU
		{15F6E83D-0856-49AD-9344-463FEE75074E}.Release|x64.ActiveCfg = Release|Any CPU
		{15F6E83D-0856-49AD-9344-463FEE75074E}.Release|x64.Build.0 = Release|Any CPU
		{15F6E83D-0856-49AD-9344-463FEE75074E}.Release|x86.ActiveCfg = Release|Any CPU
		{15F6E83D-0856-49AD-9344-463FEE75074E}.Release|x86.Build.0 = Release|Any CPU
		{67F9B77F-A384-48ED-98B3-FBBA72460917}.Debug|Any CPU.ActiveCfg = Debug|Any CPU
		{67F9B77F-A384-48ED-98B3-FBBA72460917}.Debug|Any CPU.Build.0 = Debug|Any CPU
		{67F9B77F-A384-48ED-98B3-FBBA72460917}.Debug|x64.ActiveCfg = Debug|Any CPU
		{67F9B77F-A384-48ED-98B3-FBBA72460917}.Debug|x64.Build.0 = Debug|Any CPU
		{67F9B77F-A384-48ED-98B3-FBBA72460917}.Debug|x86.ActiveCfg = Debug|Any CPU
		{67F9B77F-A384-48ED-98B3-FBBA72460917}.Debug|x86.Build.0 = Debug|Any CPU
		{67F9B77F-A384-48ED-98B3-FBBA72460917}.Release|Any CPU.ActiveCfg = Release|Any CPU
		{67F9B77F-A384-48ED-98B3-FBBA72460917}.Release|Any CPU.Build.0 = Release|Any CPU
		{67F9B77F-A384-48ED-98B3-FBBA72460917}.Release|x64.ActiveCfg = Release|Any CPU
		{67F9B77F-A384-48ED-98B3-FBBA72460917}.Release|x64.Build.0 = Release|Any CPU
		{67F9B77F-A384-48ED-98B3-FBBA72460917}.Release|x86.ActiveCfg = Release|Any CPU
		{67F9B77F-A384-48ED-98B3-FBBA72460917}.Release|x86.Build.0 = Release|Any CPU
	EndGlobalSection
	GlobalSection(SolutionProperties) = preSolution
		HideSolutionNode = FALSE
	EndGlobalSection
	GlobalSection(ExtensibilityGlobals) = postSolution
		SolutionGuid = {1A8CADE6-464D-47A3-B892-5911EC1C3620}
	EndGlobalSection
EndGlobal
